
Microsoft Visual Studio Solution File, Format Version 12.00
# Visual Studio Version 17
VisualStudioVersion = 17.8.34322.80
MinimumVisualStudioVersion = 10.0.40219.1
Project("{9A19103F-16F7-4668-BE54-9A1E7A4F7556}") = "FlowCtl", "src\FlowCtl\FlowCtl.csproj", "{3C2DE8AB-DE5E-4C9B-884C-5857B30F5A5A}"
EndProject
Project("{2150E333-8FDC-42A3-9474-1A3956D46DE8}") = "src", "src", "{4DAB0B5E-75FA-4AF9-89D0-96017DF8200A}"
EndProject
Global
	GlobalSection(SolutionConfigurationPlatforms) = preSolution
		Debug|Any CPU = Debug|Any CPU
		Release|Any CPU = Release|Any CPU
	EndGlobalSection
	GlobalSection(ProjectConfigurationPlatforms) = postSolution
		{3C2DE8AB-DE5E-4C9B-884C-5857B30F5A5A}.Debug|Any CPU.ActiveCfg = Debug|Any CPU
		{3C2DE8AB-DE5E-4C9B-884C-5857B30F5A5A}.Debug|Any CPU.Build.0 = Debug|Any CPU
		{3C2DE8AB-DE5E-4C9B-884C-5857B30F5A5A}.Release|Any CPU.ActiveCfg = Release|Any CPU
		{3C2DE8AB-DE5E-4C9B-884C-5857B30F5A5A}.Release|Any CPU.Build.0 = Release|Any CPU
	EndGlobalSection
	GlobalSection(SolutionProperties) = preSolution
		HideSolutionNode = FALSE
	EndGlobalSection
	GlobalSection(NestedProjects) = preSolution
		{3C2DE8AB-DE5E-4C9B-884C-5857B30F5A5A} = {4DAB0B5E-75FA-4AF9-89D0-96017DF8200A}
	EndGlobalSection
	GlobalSection(ExtensibilityGlobals) = postSolution
		SolutionGuid = {907D7732-BC4A-4634-A23C-C90A3981F438}
	EndGlobalSection
EndGlobal
